
Microsoft Visual Studio Solution File, Format Version 12.00
# Visual Studio Version 17
VisualStudioVersion = 17.0.31903.59
MinimumVisualStudioVersion = 10.0.40219.1
Project("{FAE04EC0-301F-11D3-BF4B-00C04F79EFBC}") = "BlazorClient", "BlazorClient\BlazorClient.csproj", "{97C7743D-B910-4778-987C-2163418F87BC}"
EndProject
Project("{FAE04EC0-301F-11D3-BF4B-00C04F79EFBC}") = "CorpProductSystem.Shared", "Shared\CorpProductSystem.Shared.csproj", "{5D89FF1F-005A-456F-B27A-61CAD74DE244}"
EndProject
Global
	GlobalSection(SolutionConfigurationPlatforms) = preSolution
		Debug|Any CPU = Debug|Any CPU
		Release|Any CPU = Release|Any CPU
	EndGlobalSection
	GlobalSection(SolutionProperties) = preSolution
		HideSolutionNode = FALSE
	EndGlobalSection
	GlobalSection(ProjectConfigurationPlatforms) = postSolution
		{97C7743D-B910-4778-987C-2163418F87BC}.Debug|Any CPU.ActiveCfg = Debug|Any CPU
		{97C7743D-B910-4778-987C-2163418F87BC}.Debug|Any CPU.Build.0 = Debug|Any CPU
		{97C7743D-B910-4778-987C-2163418F87BC}.Release|Any CPU.ActiveCfg = Release|Any CPU
		{97C7743D-B910-4778-987C-2163418F87BC}.Release|Any CPU.Build.0 = Release|Any CPU
		{5D89FF1F-005A-456F-B27A-61CAD74DE244}.Debug|Any CPU.ActiveCfg = Debug|Any CPU
		{5D89FF1F-005A-456F-B27A-61CAD74DE244}.Debug|Any CPU.Build.0 = Debug|Any CPU
		{5D89FF1F-005A-456F-B27A-61CAD74DE244}.Release|Any CPU.ActiveCfg = Release|Any CPU
		{5D89FF1F-005A-456F-B27A-61CAD74DE244}.Release|Any CPU.Build.0 = Release|Any CPU
	EndGlobalSection
EndGlobal
